<?xml version="1.0" encoding="utf-8"?>
<Project ToolsVersion="4.0" xmlns="http://schemas.microsoft.com/developer/msbuild/2003">
  <ItemGroup>
    <Filter Include="Source files">
      <UniqueIdentifier>{b006f5d4-9810-4b71-bc05-f2f908f7fb02}</UniqueIdentifier>
      <Extensions>cpp;c;cc;cxx;def;odl;idl;hpj;bat;asm;asmx</Extensions>
    </Filter>
    <Filter Include="Header files">
      <UniqueIdentifier>{ee608c7e-9be1-406e-b3bb-d50dad173f1b}</UniqueIdentifier>
      <Extensions>h;hpp;hxx;hm;inl;inc;xsd</Extensions>
    </Filter>
    <Filter Include="Resource files">
      <UniqueIdentifier>{2d2958c4-208c-4e08-93a6-fc8122379482}</UniqueIdentifier>
      <Extensions>rc;ico;cur;bmp;dlg;rc2;rct;bin;rgs;gif;jpg;jpeg;jpe;resx;tiff;tif;png;wav</Extensions>
    </Filter>
    <Filter Include="VisualGDB settings">
      <UniqueIdentifier>{8306ddf6-944a-48d9-8e02-16b6637b37c5}</UniqueIdentifier>
      <Extensions>*.vgdbsettings</Extensions>
    </Filter>
  </ItemGroup>
  <ItemGroup>
    <ClCompile Include="SerialInputDriver.cpp">
      <Filter>Source files</Filter>
    </ClCompile>
    <ClCompile Include="HexModel.cpp">
      <Filter>Source files</Filter>
    </ClCompile>
    <ClCompile Include="HexConfig.cpp">
      <Filter>Source files</Filter>
    </ClCompile>
    <ClCompile Include="Controller.cpp">
      <Filter>Source files</Filter>
    </ClCompile>
    <ClCompile Include="IKSolver.cpp">
      <Filter>Source files</Filter>
    </ClCompile>
    <ClCompile Include="Program.cpp">
      <Filter>Source files</Filter>
    </ClCompile>
    <ClCompile Include="Stopwatch.cpp">
      <Filter>Source files</Filter>
    </ClCompile>
    <ClCompile Include="ServoDriver.cpp">
      <Filter>Source files</Filter>
    </ClCompile>
  </ItemGroup>
  <ItemGroup>
    <None Include="PiSC-Debug.vgdbsettings">
      <Filter>VisualGDB settings</Filter>
    </None>
    <None Include="PiSC-Release.vgdbsettings">
      <Filter>VisualGDB settings</Filter>
    </None>
  </ItemGroup>
  <ItemGroup>
    <ClInclude Include="GamePadState.h">
      <Filter>Header files</Filter>
    </ClInclude>
    <ClInclude Include="SerialInputDriver.h">
      <Filter>Header files</Filter>
    </ClInclude>
    <ClInclude Include="HexModel.h">
      <Filter>Header files</Filter>
    </ClInclude>
    <ClInclude Include="HexConfig.h">
      <Filter>Header files</Filter>
    </ClInclude>
    <ClInclude Include="Controller.h">
      <Filter>Header files</Filter>
    </ClInclude>
    <ClInclude Include="IKSolver.h">
      <Filter>Header files</Filter>
    </ClInclude>
    <ClInclude Include="Stopwatch.h">
      <Filter>Header files</Filter>
    </ClInclude>
    <ClInclude Include="ServoDriver.h">
      <Filter>Header files</Filter>
    </ClInclude>
    <ClInclude Include="CRC.h">
      <Filter>Header files</Filter>
    </ClInclude>
  </ItemGroup>
</Project>