Microsoft Visual Studio Solution File, Format Version 12.00
# Visual Studio 15
VisualStudioVersion = 15.0.26430.6
MinimumVisualStudioVersion = 10.0.40219.1
Project("{8BC9CEB8-8B4A-11D0-8D11-00A0C91BC942}") = "gpctl", "gpctl\gpctl.vcxproj", "{F6FF61AB-C29A-4D64-B447-15A35DCC877F}"
EndProject
Project("{FAE04EC0-301F-11D3-BF4B-00C04F79EFBC}") = "test", "test\test.csproj", "{7F01A243-6B20-4B88-B200-F06D0AEE8705}"
EndProject
Global
	GlobalSection(SolutionConfigurationPlatforms) = preSolution
		Debug|Any CPU = Debug|Any CPU
		Debug|VisualGDB = Debug|VisualGDB
		Release|Any CPU = Release|Any CPU
		Release|VisualGDB = Release|VisualGDB
	EndGlobalSection
	GlobalSection(ProjectConfigurationPlatforms) = postSolution
		{F6FF61AB-C29A-4D64-B447-15A35DCC877F}.Debug|Any CPU.ActiveCfg = Debug|VisualGDB
		{F6FF61AB-C29A-4D64-B447-15A35DCC877F}.Debug|VisualGDB.ActiveCfg = Debug|VisualGDB
		{F6FF61AB-C29A-4D64-B447-15A35DCC877F}.Debug|VisualGDB.Build.0 = Debug|VisualGDB
		{F6FF61AB-C29A-4D64-B447-15A35DCC877F}.Release|Any CPU.ActiveCfg = Release|VisualGDB
		{F6FF61AB-C29A-4D64-B447-15A35DCC877F}.Release|VisualGDB.ActiveCfg = Release|VisualGDB
		{F6FF61AB-C29A-4D64-B447-15A35DCC877F}.Release|VisualGDB.Build.0 = Release|VisualGDB
		{7F01A243-6B20-4B88-B200-F06D0AEE8705}.Debug|Any CPU.ActiveCfg = Debug|Any CPU
		{7F01A243-6B20-4B88-B200-F06D0AEE8705}.Debug|Any CPU.Build.0 = Debug|Any CPU
		{7F01A243-6B20-4B88-B200-F06D0AEE8705}.Debug|VisualGDB.ActiveCfg = Debug|Any CPU
		{7F01A243-6B20-4B88-B200-F06D0AEE8705}.Debug|VisualGDB.Build.0 = Debug|Any CPU
		{7F01A243-6B20-4B88-B200-F06D0AEE8705}.Release|Any CPU.ActiveCfg = Release|Any CPU
		{7F01A243-6B20-4B88-B200-F06D0AEE8705}.Release|Any CPU.Build.0 = Release|Any CPU
		{7F01A243-6B20-4B88-B200-F06D0AEE8705}.Release|VisualGDB.ActiveCfg = Release|Any CPU
		{7F01A243-6B20-4B88-B200-F06D0AEE8705}.Release|VisualGDB.Build.0 = Release|Any CPU
	EndGlobalSection
	GlobalSection(SolutionProperties) = preSolution
		HideSolutionNode = FALSE
	EndGlobalSection
EndGlobal
