
Microsoft Visual Studio Solution File, Format Version 12.00
# Visual Studio 15
VisualStudioVersion = 15.0.26228.4
MinimumVisualStudioVersion = 10.0.40219.1
Project("{FAE04EC0-301F-11D3-BF4B-00C04F79EFBC}") = "Unity.Configurator", "Unity.Configurator\Unity.Configurator.csproj", "{40789C6F-3291-4F3D-947D-BDF5262E54F0}"
EndProject
Project("{FAE04EC0-301F-11D3-BF4B-00C04F79EFBC}") = "ServoLink", "ServoLink\ServoLink.csproj", "{43060E18-5D19-405A-ACEA-934F2C89ACFC}"
EndProject
Project("{2150E333-8FDC-42A3-9474-1A3956D46DE8}") = ".nuget", ".nuget", "{E3FF6AA4-EC12-47E4-B17E-B2B015F244DC}"
	ProjectSection(SolutionItems) = preProject
		.nuget\NuGet.Config = .nuget\NuGet.Config
		.nuget\NuGet.exe = .nuget\NuGet.exe
		.nuget\NuGet.targets = .nuget\NuGet.targets
	EndProjectSection
EndProject
Project("{FAE04EC0-301F-11D3-BF4B-00C04F79EFBC}") = "ServoLinkTests", "ServoLinkTests\ServoLinkTests.csproj", "{856707E0-8A34-4FCA-BC8A-46B8DAD400D6}"
EndProject
Project("{FAE04EC0-301F-11D3-BF4B-00C04F79EFBC}") = "ServoCommander", "ServoCommander\ServoCommander.csproj", "{53618A6B-A325-4EBD-A039-2A4DDAA656C3}"
EndProject
Project("{FAE04EC0-301F-11D3-BF4B-00C04F79EFBC}") = "ServoSequencer", "ServoSequencer\ServoSequencer.csproj", "{61485DEB-9075-4BC6-A5BD-0F31A2033ABE}"
EndProject
Project("{FAE04EC0-301F-11D3-BF4B-00C04F79EFBC}") = "CRC", "..\crc32\CRC.csproj", "{4E14053F-86F6-4604-9591-84EA8DF9BE16}"
EndProject
Global
	GlobalSection(SolutionConfigurationPlatforms) = preSolution
		Debug|Any CPU = Debug|Any CPU
		Debug|x64 = Debug|x64
		Debug|x86 = Debug|x86
		Release|Any CPU = Release|Any CPU
		Release|x64 = Release|x64
		Release|x86 = Release|x86
	EndGlobalSection
	GlobalSection(ProjectConfigurationPlatforms) = postSolution
		{40789C6F-3291-4F3D-947D-BDF5262E54F0}.Debug|Any CPU.ActiveCfg = Debug|Any CPU
		{40789C6F-3291-4F3D-947D-BDF5262E54F0}.Debug|Any CPU.Build.0 = Debug|Any CPU
		{40789C6F-3291-4F3D-947D-BDF5262E54F0}.Debug|x64.ActiveCfg = Debug|Any CPU
		{40789C6F-3291-4F3D-947D-BDF5262E54F0}.Debug|x64.Build.0 = Debug|Any CPU
		{40789C6F-3291-4F3D-947D-BDF5262E54F0}.Debug|x86.ActiveCfg = Debug|Any CPU
		{40789C6F-3291-4F3D-947D-BDF5262E54F0}.Debug|x86.Build.0 = Debug|Any CPU
		{40789C6F-3291-4F3D-947D-BDF5262E54F0}.Release|Any CPU.ActiveCfg = Release|Any CPU
		{40789C6F-3291-4F3D-947D-BDF5262E54F0}.Release|Any CPU.Build.0 = Release|Any CPU
		{40789C6F-3291-4F3D-947D-BDF5262E54F0}.Release|x64.ActiveCfg = Release|Any CPU
		{40789C6F-3291-4F3D-947D-BDF5262E54F0}.Release|x64.Build.0 = Release|Any CPU
		{40789C6F-3291-4F3D-947D-BDF5262E54F0}.Release|x86.ActiveCfg = Release|Any CPU
		{40789C6F-3291-4F3D-947D-BDF5262E54F0}.Release|x86.Build.0 = Release|Any CPU
		{43060E18-5D19-405A-ACEA-934F2C89ACFC}.Debug|Any CPU.ActiveCfg = Debug|Any CPU
		{43060E18-5D19-405A-ACEA-934F2C89ACFC}.Debug|Any CPU.Build.0 = Debug|Any CPU
		{43060E18-5D19-405A-ACEA-934F2C89ACFC}.Debug|x64.ActiveCfg = Debug|Any CPU
		{43060E18-5D19-405A-ACEA-934F2C89ACFC}.Debug|x64.Build.0 = Debug|Any CPU
		{43060E18-5D19-405A-ACEA-934F2C89ACFC}.Debug|x86.ActiveCfg = Debug|Any CPU
		{43060E18-5D19-405A-ACEA-934F2C89ACFC}.Debug|x86.Build.0 = Debug|Any CPU
		{43060E18-5D19-405A-ACEA-934F2C89ACFC}.Release|Any CPU.ActiveCfg = Release|Any CPU
		{43060E18-5D19-405A-ACEA-934F2C89ACFC}.Release|Any CPU.Build.0 = Release|Any CPU
		{43060E18-5D19-405A-ACEA-934F2C89ACFC}.Release|x64.ActiveCfg = Release|Any CPU
		{43060E18-5D19-405A-ACEA-934F2C89ACFC}.Release|x64.Build.0 = Release|Any CPU
		{43060E18-5D19-405A-ACEA-934F2C89ACFC}.Release|x86.ActiveCfg = Release|Any CPU
		{43060E18-5D19-405A-ACEA-934F2C89ACFC}.Release|x86.Build.0 = Release|Any CPU
		{856707E0-8A34-4FCA-BC8A-46B8DAD400D6}.Debug|Any CPU.ActiveCfg = Debug|Any CPU
		{856707E0-8A34-4FCA-BC8A-46B8DAD400D6}.Debug|Any CPU.Build.0 = Debug|Any CPU
		{856707E0-8A34-4FCA-BC8A-46B8DAD400D6}.Debug|x64.ActiveCfg = Debug|Any CPU
		{856707E0-8A34-4FCA-BC8A-46B8DAD400D6}.Debug|x64.Build.0 = Debug|Any CPU
		{856707E0-8A34-4FCA-BC8A-46B8DAD400D6}.Debug|x86.ActiveCfg = Debug|Any CPU
		{856707E0-8A34-4FCA-BC8A-46B8DAD400D6}.Debug|x86.Build.0 = Debug|Any CPU
		{856707E0-8A34-4FCA-BC8A-46B8DAD400D6}.Release|Any CPU.ActiveCfg = Release|Any CPU
		{856707E0-8A34-4FCA-BC8A-46B8DAD400D6}.Release|Any CPU.Build.0 = Release|Any CPU
		{856707E0-8A34-4FCA-BC8A-46B8DAD400D6}.Release|x64.ActiveCfg = Release|Any CPU
		{856707E0-8A34-4FCA-BC8A-46B8DAD400D6}.Release|x64.Build.0 = Release|Any CPU
		{856707E0-8A34-4FCA-BC8A-46B8DAD400D6}.Release|x86.ActiveCfg = Release|Any CPU
		{856707E0-8A34-4FCA-BC8A-46B8DAD400D6}.Release|x86.Build.0 = Release|Any CPU
		{53618A6B-A325-4EBD-A039-2A4DDAA656C3}.Debug|Any CPU.ActiveCfg = Debug|Any CPU
		{53618A6B-A325-4EBD-A039-2A4DDAA656C3}.Debug|Any CPU.Build.0 = Debug|Any CPU
		{53618A6B-A325-4EBD-A039-2A4DDAA656C3}.Debug|x64.ActiveCfg = Debug|Any CPU
		{53618A6B-A325-4EBD-A039-2A4DDAA656C3}.Debug|x64.Build.0 = Debug|Any CPU
		{53618A6B-A325-4EBD-A039-2A4DDAA656C3}.Debug|x86.ActiveCfg = Debug|Any CPU
		{53618A6B-A325-4EBD-A039-2A4DDAA656C3}.Debug|x86.Build.0 = Debug|Any CPU
		{53618A6B-A325-4EBD-A039-2A4DDAA656C3}.Release|Any CPU.ActiveCfg = Release|Any CPU
		{53618A6B-A325-4EBD-A039-2A4DDAA656C3}.Release|Any CPU.Build.0 = Release|Any CPU
		{53618A6B-A325-4EBD-A039-2A4DDAA656C3}.Release|x64.ActiveCfg = Release|Any CPU
		{53618A6B-A325-4EBD-A039-2A4DDAA656C3}.Release|x64.Build.0 = Release|Any CPU
		{53618A6B-A325-4EBD-A039-2A4DDAA656C3}.Release|x86.ActiveCfg = Release|Any CPU
		{53618A6B-A325-4EBD-A039-2A4DDAA656C3}.Release|x86.Build.0 = Release|Any CPU
		{61485DEB-9075-4BC6-A5BD-0F31A2033ABE}.Debug|Any CPU.ActiveCfg = Debug|Any CPU
		{61485DEB-9075-4BC6-A5BD-0F31A2033ABE}.Debug|Any CPU.Build.0 = Debug|Any CPU
		{61485DEB-9075-4BC6-A5BD-0F31A2033ABE}.Debug|x64.ActiveCfg = Debug|Any CPU
		{61485DEB-9075-4BC6-A5BD-0F31A2033ABE}.Debug|x64.Build.0 = Debug|Any CPU
		{61485DEB-9075-4BC6-A5BD-0F31A2033ABE}.Debug|x86.ActiveCfg = Debug|Any CPU
		{61485DEB-9075-4BC6-A5BD-0F31A2033ABE}.Debug|x86.Build.0 = Debug|Any CPU
		{61485DEB-9075-4BC6-A5BD-0F31A2033ABE}.Release|Any CPU.ActiveCfg = Release|Any CPU
		{61485DEB-9075-4BC6-A5BD-0F31A2033ABE}.Release|Any CPU.Build.0 = Release|Any CPU
		{61485DEB-9075-4BC6-A5BD-0F31A2033ABE}.Release|x64.ActiveCfg = Release|Any CPU
		{61485DEB-9075-4BC6-A5BD-0F31A2033ABE}.Release|x64.Build.0 = Release|Any CPU
		{61485DEB-9075-4BC6-A5BD-0F31A2033ABE}.Release|x86.ActiveCfg = Release|Any CPU
		{61485DEB-9075-4BC6-A5BD-0F31A2033ABE}.Release|x86.Build.0 = Release|Any CPU
		{4E14053F-86F6-4604-9591-84EA8DF9BE16}.Debug|Any CPU.ActiveCfg = Debug|Any CPU
		{4E14053F-86F6-4604-9591-84EA8DF9BE16}.Debug|Any CPU.Build.0 = Debug|Any CPU
		{4E14053F-86F6-4604-9591-84EA8DF9BE16}.Debug|x64.ActiveCfg = Debug|x64
		{4E14053F-86F6-4604-9591-84EA8DF9BE16}.Debug|x64.Build.0 = Debug|x64
		{4E14053F-86F6-4604-9591-84EA8DF9BE16}.Debug|x86.ActiveCfg = Debug|x86
		{4E14053F-86F6-4604-9591-84EA8DF9BE16}.Debug|x86.Build.0 = Debug|x86
		{4E14053F-86F6-4604-9591-84EA8DF9BE16}.Release|Any CPU.ActiveCfg = Release|Any CPU
		{4E14053F-86F6-4604-9591-84EA8DF9BE16}.Release|Any CPU.Build.0 = Release|Any CPU
		{4E14053F-86F6-4604-9591-84EA8DF9BE16}.Release|x64.ActiveCfg = Release|x64
		{4E14053F-86F6-4604-9591-84EA8DF9BE16}.Release|x64.Build.0 = Release|x64
		{4E14053F-86F6-4604-9591-84EA8DF9BE16}.Release|x86.ActiveCfg = Release|x86
		{4E14053F-86F6-4604-9591-84EA8DF9BE16}.Release|x86.Build.0 = Release|x86
	EndGlobalSection
	GlobalSection(SolutionProperties) = preSolution
		HideSolutionNode = FALSE
	EndGlobalSection
EndGlobal
